
Microsoft Visual Studio Solution File, Format Version 12.00
# Visual Studio Version 17
VisualStudioVersion = 17.10.35027.167
MinimumVisualStudioVersion = 10.0.40219.1
Project("{FAE04EC0-301F-11D3-BF4B-00C04F79EFBC}") = "ZadZa3", "ZadZa3.csproj", "{C202872B-8816-4632-A2AB-BB37EE8E74E0}"
EndProject
Project("{FAE04EC0-301F-11D3-BF4B-00C04F79EFBC}") = "Cilindur", "..\Cilindur\Cilindur.csproj", "{7097A2CF-9669-4F05-A5C5-8F2BB18514E8}"
EndProject
Project("{FAE04EC0-301F-11D3-BF4B-00C04F79EFBC}") = "Zad3", "..\Zad3\Zad3.csproj", "{A0AE852D-EF73-4D31-A6FF-BF3D03690A0E}"
EndProject
Global
	GlobalSection(SolutionConfigurationPlatforms) = preSolution
		Debug|Any CPU = Debug|Any CPU
		Release|Any CPU = Release|Any CPU
	EndGlobalSection
	GlobalSection(ProjectConfigurationPlatforms) = postSolution
		{C202872B-8816-4632-A2AB-BB37EE8E74E0}.Debug|Any CPU.ActiveCfg = Debug|Any CPU
		{C202872B-8816-4632-A2AB-BB37EE8E74E0}.Debug|Any CPU.Build.0 = Debug|Any CPU
		{C202872B-8816-4632-A2AB-BB37EE8E74E0}.Release|Any CPU.ActiveCfg = Release|Any CPU
		{C202872B-8816-4632-A2AB-BB37EE8E74E0}.Release|Any CPU.Build.0 = Release|Any CPU
		{7097A2CF-9669-4F05-A5C5-8F2BB18514E8}.Debug|Any CPU.ActiveCfg = Debug|Any CPU
		{7097A2CF-9669-4F05-A5C5-8F2BB18514E8}.Debug|Any CPU.Build.0 = Debug|Any CPU
		{7097A2CF-9669-4F05-A5C5-8F2BB18514E8}.Release|Any CPU.ActiveCfg = Release|Any CPU
		{7097A2CF-9669-4F05-A5C5-8F2BB18514E8}.Release|Any CPU.Build.0 = Release|Any CPU
		{A0AE852D-EF73-4D31-A6FF-BF3D03690A0E}.Debug|Any CPU.ActiveCfg = Debug|Any CPU
		{A0AE852D-EF73-4D31-A6FF-BF3D03690A0E}.Debug|Any CPU.Build.0 = Debug|Any CPU
		{A0AE852D-EF73-4D31-A6FF-BF3D03690A0E}.Release|Any CPU.ActiveCfg = Release|Any CPU
		{A0AE852D-EF73-4D31-A6FF-BF3D03690A0E}.Release|Any CPU.Build.0 = Release|Any CPU
	EndGlobalSection
	GlobalSection(SolutionProperties) = preSolution
		HideSolutionNode = FALSE
	EndGlobalSection
	GlobalSection(ExtensibilityGlobals) = postSolution
		SolutionGuid = {FEF0E1AE-E99B-43A5-AE25-D89D55227D5B}
	EndGlobalSection
EndGlobal
